
Microsoft Visual Studio Solution File, Format Version 12.00
# Visual Studio 2012
Project("{FAE04EC0-301F-11D3-BF4B-00C04F79EFBC}") = "bigmath", "bigmath\bigmath.csproj", "{577EDB70-DCCB-4E72-9AD5-52B31CCCBD66}"
EndProject
Project("{2150E333-8FDC-42A3-9474-1A3956D46DE8}") = "Tests", "Tests", "{1DFA22CC-96EF-4C3B-8EB1-B49F0D10D658}"
EndProject
Project("{FAE04EC0-301F-11D3-BF4B-00C04F79EFBC}") = "bigmath.Tests.Unit", "Tests\bigmath.Tests.Unit\bigmath.Tests.Unit.csproj", "{5D5E1508-20FB-4B9A-A1F3-7ADB21DE6307}"
EndProject
Project("{FAE04EC0-301F-11D3-BF4B-00C04F79EFBC}") = "bigmath.Tests.Integration", "Tests\bigmath.Tests.Integration\bigmath.Tests.Integration.csproj", "{8002EC4C-8DE5-4B62-BD14-7DC764ACF7E8}"
EndProject
Global
	GlobalSection(SolutionConfigurationPlatforms) = preSolution
		Debug|Any CPU = Debug|Any CPU
		Release|Any CPU = Release|Any CPU
	EndGlobalSection
	GlobalSection(ProjectConfigurationPlatforms) = postSolution
		{577EDB70-DCCB-4E72-9AD5-52B31CCCBD66}.Debug|Any CPU.ActiveCfg = Debug|Any CPU
		{577EDB70-DCCB-4E72-9AD5-52B31CCCBD66}.Debug|Any CPU.Build.0 = Debug|Any CPU
		{577EDB70-DCCB-4E72-9AD5-52B31CCCBD66}.Release|Any CPU.ActiveCfg = Release|Any CPU
		{577EDB70-DCCB-4E72-9AD5-52B31CCCBD66}.Release|Any CPU.Build.0 = Release|Any CPU
		{5D5E1508-20FB-4B9A-A1F3-7ADB21DE6307}.Debug|Any CPU.ActiveCfg = Debug|Any CPU
		{5D5E1508-20FB-4B9A-A1F3-7ADB21DE6307}.Debug|Any CPU.Build.0 = Debug|Any CPU
		{5D5E1508-20FB-4B9A-A1F3-7ADB21DE6307}.Release|Any CPU.ActiveCfg = Release|Any CPU
		{5D5E1508-20FB-4B9A-A1F3-7ADB21DE6307}.Release|Any CPU.Build.0 = Release|Any CPU
		{8002EC4C-8DE5-4B62-BD14-7DC764ACF7E8}.Debug|Any CPU.ActiveCfg = Debug|Any CPU
		{8002EC4C-8DE5-4B62-BD14-7DC764ACF7E8}.Debug|Any CPU.Build.0 = Debug|Any CPU
		{8002EC4C-8DE5-4B62-BD14-7DC764ACF7E8}.Release|Any CPU.ActiveCfg = Release|Any CPU
		{8002EC4C-8DE5-4B62-BD14-7DC764ACF7E8}.Release|Any CPU.Build.0 = Release|Any CPU
	EndGlobalSection
	GlobalSection(SolutionProperties) = preSolution
		HideSolutionNode = FALSE
	EndGlobalSection
	GlobalSection(NestedProjects) = preSolution
		{5D5E1508-20FB-4B9A-A1F3-7ADB21DE6307} = {1DFA22CC-96EF-4C3B-8EB1-B49F0D10D658}
		{8002EC4C-8DE5-4B62-BD14-7DC764ACF7E8} = {1DFA22CC-96EF-4C3B-8EB1-B49F0D10D658}
	EndGlobalSection
EndGlobal
